
Microsoft Visual Studio Solution File, Format Version 12.00
# Visual Studio Version 17
VisualStudioVersion = 17.0.32126.317
MinimumVisualStudioVersion = 10.0.40219.1
Project("{9A19103F-16F7-4668-BE54-9A1E7A4F7556}") = "StudentsDataBase", "StudentsDataBase\StudentsDataBase.csproj", "{ABFABF82-351F-4EE7-8B90-073B3D3DE588}"
EndProject
Project("{FAE04EC0-301F-11D3-BF4B-00C04F79EFBC}") = "StudentsDataBaseTests1", "StudentsDataBaseTests1\StudentsDataBaseTests1.csproj", "{14D9225C-5EA2-404E-9D75-5D5051BEFB0F}"
EndProject
Global
	GlobalSection(SolutionConfigurationPlatforms) = preSolution
		Debug|Any CPU = Debug|Any CPU
		Release|Any CPU = Release|Any CPU
	EndGlobalSection
	GlobalSection(ProjectConfigurationPlatforms) = postSolution
		{ABFABF82-351F-4EE7-8B90-073B3D3DE588}.Debug|Any CPU.ActiveCfg = Debug|Any CPU
		{ABFABF82-351F-4EE7-8B90-073B3D3DE588}.Debug|Any CPU.Build.0 = Debug|Any CPU
		{ABFABF82-351F-4EE7-8B90-073B3D3DE588}.Release|Any CPU.ActiveCfg = Release|Any CPU
		{ABFABF82-351F-4EE7-8B90-073B3D3DE588}.Release|Any CPU.Build.0 = Release|Any CPU
		{14D9225C-5EA2-404E-9D75-5D5051BEFB0F}.Debug|Any CPU.ActiveCfg = Debug|Any CPU
		{14D9225C-5EA2-404E-9D75-5D5051BEFB0F}.Debug|Any CPU.Build.0 = Debug|Any CPU
		{14D9225C-5EA2-404E-9D75-5D5051BEFB0F}.Release|Any CPU.ActiveCfg = Release|Any CPU
		{14D9225C-5EA2-404E-9D75-5D5051BEFB0F}.Release|Any CPU.Build.0 = Release|Any CPU
	EndGlobalSection
	GlobalSection(SolutionProperties) = preSolution
		HideSolutionNode = FALSE
	EndGlobalSection
	GlobalSection(ExtensibilityGlobals) = postSolution
		SolutionGuid = {A937A41C-70AF-4A87-A36C-F25DD25BD075}
	EndGlobalSection
EndGlobal
